// !$*UTF8*$!
{
	archiveVersion = 1;
	classes = {
	};
	objectVersion = 55;
	objects = {

/* Begin PBXBuildFile section */
		D332C164286322FE009DB79F /* UTType.swift in Sources */ = {isa = PBXBuildFile; fileRef = D332C163286322FE009DB79F /* UTType.swift */; };
		D332C165286322FE009DB79F /* UTType.swift in Sources */ = {isa = PBXBuildFile; fileRef = D332C163286322FE009DB79F /* UTType.swift */; };
		D332C16728632330009DB79F /* PlayerColor.swift in Sources */ = {isa = PBXBuildFile; fileRef = D332C16628632330009DB79F /* PlayerColor.swift */; };
		D332C16828632330009DB79F /* PlayerColor.swift in Sources */ = {isa = PBXBuildFile; fileRef = D332C16628632330009DB79F /* PlayerColor.swift */; };
		D332C16A2863249E009DB79F /* PieceType.swift in Sources */ = {isa = PBXBuildFile; fileRef = D332C1692863249E009DB79F /* PieceType.swift */; };
		D332C16B2863249E009DB79F /* PieceType.swift in Sources */ = {isa = PBXBuildFile; fileRef = D332C1692863249E009DB79F /* PieceType.swift */; };
		D332C16D28632B74009DB79F /* Piece.swift in Sources */ = {isa = PBXBuildFile; fileRef = D332C16C28632B74009DB79F /* Piece.swift */; };
		D332C16E28632B74009DB79F /* Piece.swift in Sources */ = {isa = PBXBuildFile; fileRef = D332C16C28632B74009DB79F /* Piece.swift */; };
		D332C17228632DF2009DB79F /* PieceAsset.swift in Sources */ = {isa = PBXBuildFile; fileRef = D332C17128632DF2009DB79F /* PieceAsset.swift */; };
		D332C17328632DF2009DB79F /* PieceAsset.swift in Sources */ = {isa = PBXBuildFile; fileRef = D332C17128632DF2009DB79F /* PieceAsset.swift */; };
		D332C17528632F96009DB79F /* BoardSquare.swift in Sources */ = {isa = PBXBuildFile; fileRef = D332C17428632F96009DB79F /* BoardSquare.swift */; };
		D332C17628632F96009DB79F /* BoardSquare.swift in Sources */ = {isa = PBXBuildFile; fileRef = D332C17428632F96009DB79F /* BoardSquare.swift */; };
		D332C17828633123009DB79F /* BoardRank.swift in Sources */ = {isa = PBXBuildFile; fileRef = D332C17728633123009DB79F /* BoardRank.swift */; };
		D332C17928633123009DB79F /* BoardRank.swift in Sources */ = {isa = PBXBuildFile; fileRef = D332C17728633123009DB79F /* BoardRank.swift */; };
		D332C17B28633522009DB79F /* BoardFile.swift in Sources */ = {isa = PBXBuildFile; fileRef = D332C17A28633522009DB79F /* BoardFile.swift */; };
		D332C17C28633522009DB79F /* BoardFile.swift in Sources */ = {isa = PBXBuildFile; fileRef = D332C17A28633522009DB79F /* BoardFile.swift */; };
		D332C181286343BD009DB79F /* FEN.swift in Sources */ = {isa = PBXBuildFile; fileRef = D332C180286343BD009DB79F /* FEN.swift */; };
		D332C182286343BD009DB79F /* FEN.swift in Sources */ = {isa = PBXBuildFile; fileRef = D332C180286343BD009DB79F /* FEN.swift */; };
		D332C18428634A24009DB79F /* ChessboardMoves.swift in Sources */ = {isa = PBXBuildFile; fileRef = D332C18328634A24009DB79F /* ChessboardMoves.swift */; };
		D332C18528634A24009DB79F /* ChessboardMoves.swift in Sources */ = {isa = PBXBuildFile; fileRef = D332C18328634A24009DB79F /* ChessboardMoves.swift */; };
		D332C18728634A67009DB79F /* ChessboardCheck.swift in Sources */ = {isa = PBXBuildFile; fileRef = D332C18628634A67009DB79F /* ChessboardCheck.swift */; };
		D332C18828634A67009DB79F /* ChessboardCheck.swift in Sources */ = {isa = PBXBuildFile; fileRef = D332C18628634A67009DB79F /* ChessboardCheck.swift */; };
		D332C18D28634B0C009DB79F /* ChessboardUCI.swift in Sources */ = {isa = PBXBuildFile; fileRef = D332C18C28634B0C009DB79F /* ChessboardUCI.swift */; };
		D332C18F28635001009DB79F /* PGNGame.swift in Sources */ = {isa = PBXBuildFile; fileRef = D332C18E28635001009DB79F /* PGNGame.swift */; };
		D332C19128635026009DB79F /* PGNGameTreeLayout.swift in Sources */ = {isa = PBXBuildFile; fileRef = D332C19028635026009DB79F /* PGNGameTreeLayout.swift */; };
		D332C1932863509C009DB79F /* PGNGameNode.swift in Sources */ = {isa = PBXBuildFile; fileRef = D332C1922863509C009DB79F /* PGNGameNode.swift */; };
		D3350F76285CD3A60025EE11 /* GameControlsView.swift in Sources */ = {isa = PBXBuildFile; fileRef = D3350F75285CD3A60025EE11 /* GameControlsView.swift */; };
		D3350F77285CD3A60025EE11 /* GameControlsView.swift in Sources */ = {isa = PBXBuildFile; fileRef = D3350F75285CD3A60025EE11 /* GameControlsView.swift */; };
		D3350F79285D47D50025EE11 /* GameTreeView.swift in Sources */ = {isa = PBXBuildFile; fileRef = D3350F78285D47D50025EE11 /* GameTreeView.swift */; };
		D3350F7A285D47D50025EE11 /* GameTreeView.swift in Sources */ = {isa = PBXBuildFile; fileRef = D3350F78285D47D50025EE11 /* GameTreeView.swift */; };
		D3350F7C285D63D60025EE11 /* MoveDetailView.swift in Sources */ = {isa = PBXBuildFile; fileRef = D3350F7B285D63D60025EE11 /* MoveDetailView.swift */; };
		D3350F7D285D63D60025EE11 /* MoveDetailView.swift in Sources */ = {isa = PBXBuildFile; fileRef = D3350F7B285D63D60025EE11 /* MoveDetailView.swift */; };
		D336AD82286143DB00DA0D56 /* EngineView.swift in Sources */ = {isa = PBXBuildFile; fileRef = D336AD81286143DB00DA0D56 /* EngineView.swift */; };
		D336AD83286143DB00DA0D56 /* EngineView.swift in Sources */ = {isa = PBXBuildFile; fileRef = D336AD81286143DB00DA0D56 /* EngineView.swift */; };
		D336AD872861448C00DA0D56 /* ChessEngine.swift in Sources */ = {isa = PBXBuildFile; fileRef = D336AD852861448C00DA0D56 /* ChessEngine.swift */; };
		D336AD8A28615A2D00DA0D56 /* Collection.swift in Sources */ = {isa = PBXBuildFile; fileRef = D336AD8928615A2D00DA0D56 /* Collection.swift */; };
		D336AD8B28615A2D00DA0D56 /* Collection.swift in Sources */ = {isa = PBXBuildFile; fileRef = D336AD8928615A2D00DA0D56 /* Collection.swift */; };
		D336AD8D28615D2100DA0D56 /* Array.swift in Sources */ = {isa = PBXBuildFile; fileRef = D336AD8C28615D2100DA0D56 /* Array.swift */; };
		D336AD8E28615D2100DA0D56 /* Array.swift in Sources */ = {isa = PBXBuildFile; fileRef = D336AD8C28615D2100DA0D56 /* Array.swift */; };
		D357114D285A024C002C0CC1 /* PGNListener.swift in Sources */ = {isa = PBXBuildFile; fileRef = D3571149285A024C002C0CC1 /* PGNListener.swift */; };
		D357114E285A024C002C0CC1 /* PGNListener.swift in Sources */ = {isa = PBXBuildFile; fileRef = D3571149285A024C002C0CC1 /* PGNListener.swift */; };
		D357114F285A024C002C0CC1 /* PGNLexer.swift in Sources */ = {isa = PBXBuildFile; fileRef = D357114A285A024C002C0CC1 /* PGNLexer.swift */; };
		D3571150285A024C002C0CC1 /* PGNLexer.swift in Sources */ = {isa = PBXBuildFile; fileRef = D357114A285A024C002C0CC1 /* PGNLexer.swift */; };
		D3571151285A024C002C0CC1 /* PGNBaseListener.swift in Sources */ = {isa = PBXBuildFile; fileRef = D357114B285A024C002C0CC1 /* PGNBaseListener.swift */; };
		D3571152285A024C002C0CC1 /* PGNBaseListener.swift in Sources */ = {isa = PBXBuildFile; fileRef = D357114B285A024C002C0CC1 /* PGNBaseListener.swift */; };
		D3571153285A024C002C0CC1 /* PGNParser.swift in Sources */ = {isa = PBXBuildFile; fileRef = D357114C285A024C002C0CC1 /* PGNParser.swift */; };
		D3571154285A024C002C0CC1 /* PGNParser.swift in Sources */ = {isa = PBXBuildFile; fileRef = D357114C285A024C002C0CC1 /* PGNParser.swift */; };
		D35711E1285A0B49002C0CC1 /* Antlr4 in Frameworks */ = {isa = PBXBuildFile; productRef = D35711E0285A0B49002C0CC1 /* Antlr4 */; };
		D35711E2285A0B49002C0CC1 /* Antlr4 in Embed Frameworks */ = {isa = PBXBuildFile; productRef = D35711E0285A0B49002C0CC1 /* Antlr4 */; settings = {ATTRIBUTES = (CodeSignOnCopy, ); }; };
		D35711E5285A0B4F002C0CC1 /* Antlr4 in Frameworks */ = {isa = PBXBuildFile; productRef = D35711E4285A0B4F002C0CC1 /* Antlr4 */; };
		D35711E6285A0B4F002C0CC1 /* Antlr4 in Embed Frameworks */ = {isa = PBXBuildFile; productRef = D35711E4285A0B4F002C0CC1 /* Antlr4 */; settings = {ATTRIBUTES = (CodeSignOnCopy, ); }; };
		D3579ABD2862AA03000A6A9F /* GamePicker.swift in Sources */ = {isa = PBXBuildFile; fileRef = D3579ABC2862AA03000A6A9F /* GamePicker.swift */; };
		D3579ABE2862AA03000A6A9F /* GamePicker.swift in Sources */ = {isa = PBXBuildFile; fileRef = D3579ABC2862AA03000A6A9F /* GamePicker.swift */; };
		D3579AC02862AA35000A6A9F /* GameMetadataEditor.swift in Sources */ = {isa = PBXBuildFile; fileRef = D3579ABF2862AA35000A6A9F /* GameMetadataEditor.swift */; };
		D3579AC12862AA35000A6A9F /* GameMetadataEditor.swift in Sources */ = {isa = PBXBuildFile; fileRef = D3579ABF2862AA35000A6A9F /* GameMetadataEditor.swift */; };
		D3579AC32862AA7F000A6A9F /* GameStartPositionEditor.swift in Sources */ = {isa = PBXBuildFile; fileRef = D3579AC22862AA7F000A6A9F /* GameStartPositionEditor.swift */; };
		D3579AC42862AA7F000A6A9F /* GameStartPositionEditor.swift in Sources */ = {isa = PBXBuildFile; fileRef = D3579AC22862AA7F000A6A9F /* GameStartPositionEditor.swift */; };
		D379ED4328600A840078B22C /* GameMetadataView.swift in Sources */ = {isa = PBXBuildFile; fileRef = D379ED4228600A840078B22C /* GameMetadataView.swift */; };
		D379ED4428600A840078B22C /* GameMetadataView.swift in Sources */ = {isa = PBXBuildFile; fileRef = D379ED4228600A840078B22C /* GameMetadataView.swift */; };
		D379ED46286024D80078B22C /* PlayerNamesView.swift in Sources */ = {isa = PBXBuildFile; fileRef = D379ED45286024D80078B22C /* PlayerNamesView.swift */; };
		D379ED47286024D80078B22C /* PlayerNamesView.swift in Sources */ = {isa = PBXBuildFile; fileRef = D379ED45286024D80078B22C /* PlayerNamesView.swift */; };
		D384C790285588AE00E9357F /* Chessboard.swift in Sources */ = {isa = PBXBuildFile; fileRef = D384C78F285588AE00E9357F /* Chessboard.swift */; };
		D384C79128558B5200E9357F /* Chessboard.swift in Sources */ = {isa = PBXBuildFile; fileRef = D384C78F285588AE00E9357F /* Chessboard.swift */; };
		D384C79428558E1700E9357F /* Move.swift in Sources */ = {isa = PBXBuildFile; fileRef = D384C79328558E1700E9357F /* Move.swift */; };
		D384C79528558E2E00E9357F /* Move.swift in Sources */ = {isa = PBXBuildFile; fileRef = D384C79328558E1700E9357F /* Move.swift */; };
		D39E02732863DFED001A0A22 /* EngineLine.swift in Sources */ = {isa = PBXBuildFile; fileRef = D39E02722863DFED001A0A22 /* EngineLine.swift */; };
		D39E02762863E0DC001A0A22 /* ChessboardSquareStyle.swift in Sources */ = {isa = PBXBuildFile; fileRef = D39E02752863E0DC001A0A22 /* ChessboardSquareStyle.swift */; };
		D39E02772863E0DC001A0A22 /* ChessboardSquareStyle.swift in Sources */ = {isa = PBXBuildFile; fileRef = D39E02752863E0DC001A0A22 /* ChessboardSquareStyle.swift */; };
		D39E027A2863E11D001A0A22 /* ChessboardSquareView.swift in Sources */ = {isa = PBXBuildFile; fileRef = D39E02792863E11D001A0A22 /* ChessboardSquareView.swift */; };
		D39E027B2863E11D001A0A22 /* ChessboardSquareView.swift in Sources */ = {isa = PBXBuildFile; fileRef = D39E02792863E11D001A0A22 /* ChessboardSquareView.swift */; };
		D3AC3CAB285A5FF5000BC33B /* PGNGameListener.swift in Sources */ = {isa = PBXBuildFile; fileRef = D3AC3CAA285A5FF5000BC33B /* PGNGameListener.swift */; };
		D3AC3CAC285A5FF5000BC33B /* PGNGameListener.swift in Sources */ = {isa = PBXBuildFile; fileRef = D3AC3CAA285A5FF5000BC33B /* PGNGameListener.swift */; };
		D3B468D0285174A600A97CC1 /* HolyokeApp.swift in Sources */ = {isa = PBXBuildFile; fileRef = D3B468BC285174A500A97CC1 /* HolyokeApp.swift */; };
		D3B468D1285174A600A97CC1 /* HolyokeApp.swift in Sources */ = {isa = PBXBuildFile; fileRef = D3B468BC285174A500A97CC1 /* HolyokeApp.swift */; };
		D3B468D2285174A600A97CC1 /* HolyokeDocument.swift in Sources */ = {isa = PBXBuildFile; fileRef = D3B468BD285174A500A97CC1 /* HolyokeDocument.swift */; };
		D3B468D3285174A600A97CC1 /* HolyokeDocument.swift in Sources */ = {isa = PBXBuildFile; fileRef = D3B468BD285174A500A97CC1 /* HolyokeDocument.swift */; };
		D3B468D4285174A600A97CC1 /* ContentView.swift in Sources */ = {isa = PBXBuildFile; fileRef = D3B468BE285174A500A97CC1 /* ContentView.swift */; };
		D3B468D5285174A600A97CC1 /* ContentView.swift in Sources */ = {isa = PBXBuildFile; fileRef = D3B468BE285174A500A97CC1 /* ContentView.swift */; };
		D3B468D6285174A600A97CC1 /* Assets.xcassets in Resources */ = {isa = PBXBuildFile; fileRef = D3B468BF285174A600A97CC1 /* Assets.xcassets */; };
		D3B468D7285174A600A97CC1 /* Assets.xcassets in Resources */ = {isa = PBXBuildFile; fileRef = D3B468BF285174A600A97CC1 /* Assets.xcassets */; };
		D3CFE31D28596C6C00E25606 /* ChessboardView.swift in Sources */ = {isa = PBXBuildFile; fileRef = D3CFE31C28596C6C00E25606 /* ChessboardView.swift */; };
		D3CFE31E28596C6C00E25606 /* ChessboardView.swift in Sources */ = {isa = PBXBuildFile; fileRef = D3CFE31C28596C6C00E25606 /* ChessboardView.swift */; };
		D3CFE322285972AB00E25606 /* TestingView.swift in Sources */ = {isa = PBXBuildFile; fileRef = D3CFE321285972AB00E25606 /* TestingView.swift */; };
		D3CFE323285972AB00E25606 /* TestingView.swift in Sources */ = {isa = PBXBuildFile; fileRef = D3CFE321285972AB00E25606 /* TestingView.swift */; };
/* End PBXBuildFile section */

/* Begin PBXCopyFilesBuildPhase section */
		D35711E3285A0B49002C0CC1 /* Embed Frameworks */ = {
			isa = PBXCopyFilesBuildPhase;
			buildActionMask = 2147483647;
			dstPath = "";
			dstSubfolderSpec = 10;
			files = (
				D35711E2285A0B49002C0CC1 /* Antlr4 in Embed Frameworks */,
			);
			name = "Embed Frameworks";
			runOnlyForDeploymentPostprocessing = 0;
		};
		D35711E7285A0B4F002C0CC1 /* Embed Frameworks */ = {
			isa = PBXCopyFilesBuildPhase;
			buildActionMask = 2147483647;
			dstPath = "";
			dstSubfolderSpec = 10;
			files = (
				D35711E6285A0B4F002C0CC1 /* Antlr4 in Embed Frameworks */,
			);
			name = "Embed Frameworks";
			runOnlyForDeploymentPostprocessing = 0;
		};
/* End PBXCopyFilesBuildPhase section */

/* Begin PBXFileReference section */
		D332C163286322FE009DB79F /* UTType.swift */ = {isa = PBXFileReference; lastKnownFileType = sourcecode.swift; path = UTType.swift; sourceTree = "<group>"; };
		D332C16628632330009DB79F /* PlayerColor.swift */ = {isa = PBXFileReference; lastKnownFileType = sourcecode.swift; path = PlayerColor.swift; sourceTree = "<group>"; };
		D332C1692863249E009DB79F /* PieceType.swift */ = {isa = PBXFileReference; lastKnownFileType = sourcecode.swift; path = PieceType.swift; sourceTree = "<group>"; };
		D332C16C28632B74009DB79F /* Piece.swift */ = {isa = PBXFileReference; lastKnownFileType = sourcecode.swift; path = Piece.swift; sourceTree = "<group>"; };
		D332C17128632DF2009DB79F /* PieceAsset.swift */ = {isa = PBXFileReference; lastKnownFileType = sourcecode.swift; path = PieceAsset.swift; sourceTree = "<group>"; };
		D332C17428632F96009DB79F /* BoardSquare.swift */ = {isa = PBXFileReference; lastKnownFileType = sourcecode.swift; path = BoardSquare.swift; sourceTree = "<group>"; };
		D332C17728633123009DB79F /* BoardRank.swift */ = {isa = PBXFileReference; lastKnownFileType = sourcecode.swift; path = BoardRank.swift; sourceTree = "<group>"; };
		D332C17A28633522009DB79F /* BoardFile.swift */ = {isa = PBXFileReference; lastKnownFileType = sourcecode.swift; path = BoardFile.swift; sourceTree = "<group>"; };
		D332C180286343BD009DB79F /* FEN.swift */ = {isa = PBXFileReference; lastKnownFileType = sourcecode.swift; path = FEN.swift; sourceTree = "<group>"; };
		D332C18328634A24009DB79F /* ChessboardMoves.swift */ = {isa = PBXFileReference; lastKnownFileType = sourcecode.swift; path = ChessboardMoves.swift; sourceTree = "<group>"; };
		D332C18628634A67009DB79F /* ChessboardCheck.swift */ = {isa = PBXFileReference; lastKnownFileType = sourcecode.swift; path = ChessboardCheck.swift; sourceTree = "<group>"; };
		D332C18C28634B0C009DB79F /* ChessboardUCI.swift */ = {isa = PBXFileReference; lastKnownFileType = sourcecode.swift; path = ChessboardUCI.swift; sourceTree = "<group>"; };
		D332C18E28635001009DB79F /* PGNGame.swift */ = {isa = PBXFileReference; lastKnownFileType = sourcecode.swift; path = PGNGame.swift; sourceTree = "<group>"; };
		D332C19028635026009DB79F /* PGNGameTreeLayout.swift */ = {isa = PBXFileReference; lastKnownFileType = sourcecode.swift; path = PGNGameTreeLayout.swift; sourceTree = "<group>"; };
		D332C1922863509C009DB79F /* PGNGameNode.swift */ = {isa = PBXFileReference; lastKnownFileType = sourcecode.swift; path = PGNGameNode.swift; sourceTree = "<group>"; };
		D3350F75285CD3A60025EE11 /* GameControlsView.swift */ = {isa = PBXFileReference; lastKnownFileType = sourcecode.swift; path = GameControlsView.swift; sourceTree = "<group>"; };
		D3350F78285D47D50025EE11 /* GameTreeView.swift */ = {isa = PBXFileReference; lastKnownFileType = sourcecode.swift; path = GameTreeView.swift; sourceTree = "<group>"; };
		D3350F7B285D63D60025EE11 /* MoveDetailView.swift */ = {isa = PBXFileReference; lastKnownFileType = sourcecode.swift; path = MoveDetailView.swift; sourceTree = "<group>"; };
		D336AD81286143DB00DA0D56 /* EngineView.swift */ = {isa = PBXFileReference; lastKnownFileType = sourcecode.swift; path = EngineView.swift; sourceTree = "<group>"; };
		D336AD852861448C00DA0D56 /* ChessEngine.swift */ = {isa = PBXFileReference; lastKnownFileType = sourcecode.swift; path = ChessEngine.swift; sourceTree = "<group>"; };
		D336AD8928615A2D00DA0D56 /* Collection.swift */ = {isa = PBXFileReference; lastKnownFileType = sourcecode.swift; path = Collection.swift; sourceTree = "<group>"; };
		D336AD8C28615D2100DA0D56 /* Array.swift */ = {isa = PBXFileReference; lastKnownFileType = sourcecode.swift; path = Array.swift; sourceTree = "<group>"; };
		D3571149285A024C002C0CC1 /* PGNListener.swift */ = {isa = PBXFileReference; fileEncoding = 4; lastKnownFileType = sourcecode.swift; path = PGNListener.swift; sourceTree = "<group>"; };
		D357114A285A024C002C0CC1 /* PGNLexer.swift */ = {isa = PBXFileReference; fileEncoding = 4; lastKnownFileType = sourcecode.swift; path = PGNLexer.swift; sourceTree = "<group>"; };
		D357114B285A024C002C0CC1 /* PGNBaseListener.swift */ = {isa = PBXFileReference; fileEncoding = 4; lastKnownFileType = sourcecode.swift; path = PGNBaseListener.swift; sourceTree = "<group>"; };
		D357114C285A024C002C0CC1 /* PGNParser.swift */ = {isa = PBXFileReference; fileEncoding = 4; lastKnownFileType = sourcecode.swift; path = PGNParser.swift; sourceTree = "<group>"; };
		D35711DF285A0A55002C0CC1 /* antlr4 */ = {isa = PBXFileReference; lastKnownFileType = wrapper; name = antlr4; path = Packages/antlr4; sourceTree = "<group>"; };
		D3579ABC2862AA03000A6A9F /* GamePicker.swift */ = {isa = PBXFileReference; lastKnownFileType = sourcecode.swift; path = GamePicker.swift; sourceTree = "<group>"; };
		D3579ABF2862AA35000A6A9F /* GameMetadataEditor.swift */ = {isa = PBXFileReference; lastKnownFileType = sourcecode.swift; path = GameMetadataEditor.swift; sourceTree = "<group>"; };
		D3579AC22862AA7F000A6A9F /* GameStartPositionEditor.swift */ = {isa = PBXFileReference; lastKnownFileType = sourcecode.swift; path = GameStartPositionEditor.swift; sourceTree = "<group>"; };
		D379ED4228600A840078B22C /* GameMetadataView.swift */ = {isa = PBXFileReference; lastKnownFileType = sourcecode.swift; path = GameMetadataView.swift; sourceTree = "<group>"; };
		D379ED45286024D80078B22C /* PlayerNamesView.swift */ = {isa = PBXFileReference; lastKnownFileType = sourcecode.swift; path = PlayerNamesView.swift; sourceTree = "<group>"; };
		D384C78F285588AE00E9357F /* Chessboard.swift */ = {isa = PBXFileReference; lastKnownFileType = sourcecode.swift; path = Chessboard.swift; sourceTree = "<group>"; };
		D384C79328558E1700E9357F /* Move.swift */ = {isa = PBXFileReference; lastKnownFileType = sourcecode.swift; path = Move.swift; sourceTree = "<group>"; };
		D39E02722863DFED001A0A22 /* EngineLine.swift */ = {isa = PBXFileReference; lastKnownFileType = sourcecode.swift; path = EngineLine.swift; sourceTree = "<group>"; };
		D39E02752863E0DC001A0A22 /* ChessboardSquareStyle.swift */ = {isa = PBXFileReference; lastKnownFileType = sourcecode.swift; path = ChessboardSquareStyle.swift; sourceTree = "<group>"; };
		D39E02792863E11D001A0A22 /* ChessboardSquareView.swift */ = {isa = PBXFileReference; lastKnownFileType = sourcecode.swift; path = ChessboardSquareView.swift; sourceTree = "<group>"; };
		D3AC3CAA285A5FF5000BC33B /* PGNGameListener.swift */ = {isa = PBXFileReference; lastKnownFileType = sourcecode.swift; path = PGNGameListener.swift; sourceTree = "<group>"; };
		D3B468BC285174A500A97CC1 /* HolyokeApp.swift */ = {isa = PBXFileReference; lastKnownFileType = sourcecode.swift; path = HolyokeApp.swift; sourceTree = "<group>"; };
		D3B468BD285174A500A97CC1 /* HolyokeDocument.swift */ = {isa = PBXFileReference; lastKnownFileType = sourcecode.swift; path = HolyokeDocument.swift; sourceTree = "<group>"; };
		D3B468BE285174A500A97CC1 /* ContentView.swift */ = {isa = PBXFileReference; lastKnownFileType = sourcecode.swift; path = ContentView.swift; sourceTree = "<group>"; };
		D3B468BF285174A600A97CC1 /* Assets.xcassets */ = {isa = PBXFileReference; lastKnownFileType = folder.assetcatalog; path = Assets.xcassets; sourceTree = "<group>"; };
		D3B468C4285174A600A97CC1 /* Holyoke.app */ = {isa = PBXFileReference; explicitFileType = wrapper.application; includeInIndex = 0; path = Holyoke.app; sourceTree = BUILT_PRODUCTS_DIR; };
		D3B468C7285174A600A97CC1 /* Info.plist */ = {isa = PBXFileReference; lastKnownFileType = text.plist.xml; path = Info.plist; sourceTree = "<group>"; };
		D3B468CC285174A600A97CC1 /* Holyoke.app */ = {isa = PBXFileReference; explicitFileType = wrapper.application; includeInIndex = 0; path = Holyoke.app; sourceTree = BUILT_PRODUCTS_DIR; };
		D3B468CE285174A600A97CC1 /* Info.plist */ = {isa = PBXFileReference; lastKnownFileType = text.plist.xml; path = Info.plist; sourceTree = "<group>"; };
		D3B468CF285174A600A97CC1 /* macOS.entitlements */ = {isa = PBXFileReference; lastKnownFileType = text.plist.entitlements; path = macOS.entitlements; sourceTree = "<group>"; };
		D3CFE31C28596C6C00E25606 /* ChessboardView.swift */ = {isa = PBXFileReference; lastKnownFileType = sourcecode.swift; path = ChessboardView.swift; sourceTree = "<group>"; };
		D3CFE321285972AB00E25606 /* TestingView.swift */ = {isa = PBXFileReference; lastKnownFileType = sourcecode.swift; path = TestingView.swift; sourceTree = "<group>"; };
/* End PBXFileReference section */

/* Begin PBXFrameworksBuildPhase section */
		D3B468C1285174A600A97CC1 /* Frameworks */ = {
			isa = PBXFrameworksBuildPhase;
			buildActionMask = 2147483647;
			files = (
				D35711E5285A0B4F002C0CC1 /* Antlr4 in Frameworks */,
			);
			runOnlyForDeploymentPostprocessing = 0;
		};
		D3B468C9285174A600A97CC1 /* Frameworks */ = {
			isa = PBXFrameworksBuildPhase;
			buildActionMask = 2147483647;
			files = (
				D35711E1285A0B49002C0CC1 /* Antlr4 in Frameworks */,
			);
			runOnlyForDeploymentPostprocessing = 0;
		};
/* End PBXFrameworksBuildPhase section */

/* Begin PBXGroup section */
		D332C16F28632D60009DB79F /* Util */ = {
			isa = PBXGroup;
			children = (
				D332C17128632DF2009DB79F /* PieceAsset.swift */,
				D332C180286343BD009DB79F /* FEN.swift */,
			);
			path = Util;
			sourceTree = "<group>";
		};
		D332C17028632D77009DB79F /* PGN Antlr */ = {
			isa = PBXGroup;
			children = (
				D357114B285A024C002C0CC1 /* PGNBaseListener.swift */,
				D357114A285A024C002C0CC1 /* PGNLexer.swift */,
				D3571149285A024C002C0CC1 /* PGNListener.swift */,
				D357114C285A024C002C0CC1 /* PGNParser.swift */,
			);
			path = "PGN Antlr";
			sourceTree = "<group>";
		};
		D336AD842861447C00DA0D56 /* Engine */ = {
			isa = PBXGroup;
			children = (
				D39E02722863DFED001A0A22 /* EngineLine.swift */,
				D336AD852861448C00DA0D56 /* ChessEngine.swift */,
				D332C18C28634B0C009DB79F /* ChessboardUCI.swift */,
			);
			path = Engine;
			sourceTree = "<group>";
		};
		D336AD8828615A2400DA0D56 /* Standard */ = {
			isa = PBXGroup;
			children = (
				D336AD8928615A2D00DA0D56 /* Collection.swift */,
				D336AD8C28615D2100DA0D56 /* Array.swift */,
				D332C163286322FE009DB79F /* UTType.swift */,
			);
			path = Standard;
			sourceTree = "<group>";
		};
		D357113C285A01A5002C0CC1 /* PGN */ = {
			isa = PBXGroup;
			children = (
				D332C18E28635001009DB79F /* PGNGame.swift */,
				D332C19028635026009DB79F /* PGNGameTreeLayout.swift */,
				D332C1922863509C009DB79F /* PGNGameNode.swift */,
				D3AC3CAA285A5FF5000BC33B /* PGNGameListener.swift */,
			);
			path = PGN;
			sourceTree = "<group>";
		};
		D35711DB285A080E002C0CC1 /* Packages */ = {
			isa = PBXGroup;
			children = (
				D35711DF285A0A55002C0CC1 /* antlr4 */,
			);
			name = Packages;
			path = ..;
			sourceTree = "<group>";
		};
		D35711DD285A0850002C0CC1 /* Frameworks */ = {
			isa = PBXGroup;
			children = (
			);
			name = Frameworks;
			sourceTree = "<group>";
		};
		D3579ABB2862A9F0000A6A9F /* GameMetadata */ = {
			isa = PBXGroup;
			children = (
				D379ED4228600A840078B22C /* GameMetadataView.swift */,
				D3579ABC2862AA03000A6A9F /* GamePicker.swift */,
				D3579ABF2862AA35000A6A9F /* GameMetadataEditor.swift */,
				D3579AC22862AA7F000A6A9F /* GameStartPositionEditor.swift */,
			);
			path = GameMetadata;
			sourceTree = "<group>";
		};
		D39E02742863E0D2001A0A22 /* Styles */ = {
			isa = PBXGroup;
			children = (
				D39E02752863E0DC001A0A22 /* ChessboardSquareStyle.swift */,
			);
			path = Styles;
			sourceTree = "<group>";
		};
		D39E02782863E10C001A0A22 /* Chessboard */ = {
			isa = PBXGroup;
			children = (
				D3CFE31C28596C6C00E25606 /* ChessboardView.swift */,
				D39E02792863E11D001A0A22 /* ChessboardSquareView.swift */,
			);
			path = Chessboard;
			sourceTree = "<group>";
		};
		D3B468B6285174A500A97CC1 = {
			isa = PBXGroup;
			children = (
				D3B468BB285174A500A97CC1 /* Shared */,
				D3B468C6285174A600A97CC1 /* iOS */,
				D3B468CD285174A600A97CC1 /* macOS */,
				D3B468C5285174A600A97CC1 /* Products */,
				D35711DD285A0850002C0CC1 /* Frameworks */,
			);
			sourceTree = "<group>";
		};
		D3B468BB285174A500A97CC1 /* Shared */ = {
			isa = PBXGroup;
			children = (
				D3CFE31F28596C7C00E25606 /* App */,
				D3B468E0285175E900A97CC1 /* Gameplay */,
				D357113C285A01A5002C0CC1 /* PGN */,
				D332C16F28632D60009DB79F /* Util */,
				D336AD842861447C00DA0D56 /* Engine */,
				D3CFE31B28596C6300E25606 /* Views */,
				D336AD8828615A2400DA0D56 /* Standard */,
				D332C17028632D77009DB79F /* PGN Antlr */,
				D35711DB285A080E002C0CC1 /* Packages */,
				D3B468BF285174A600A97CC1 /* Assets.xcassets */,
			);
			path = Shared;
			sourceTree = "<group>";
		};
		D3B468C5285174A600A97CC1 /* Products */ = {
			isa = PBXGroup;
			children = (
				D3B468C4285174A600A97CC1 /* Holyoke.app */,
				D3B468CC285174A600A97CC1 /* Holyoke.app */,
			);
			name = Products;
			sourceTree = "<group>";
		};
		D3B468C6285174A600A97CC1 /* iOS */ = {
			isa = PBXGroup;
			children = (
				D3B468C7285174A600A97CC1 /* Info.plist */,
			);
			path = iOS;
			sourceTree = "<group>";
		};
		D3B468CD285174A600A97CC1 /* macOS */ = {
			isa = PBXGroup;
			children = (
				D3B468CE285174A600A97CC1 /* Info.plist */,
				D3B468CF285174A600A97CC1 /* macOS.entitlements */,
			);
			path = macOS;
			sourceTree = "<group>";
		};
		D3B468E0285175E900A97CC1 /* Gameplay */ = {
			isa = PBXGroup;
			children = (
				D332C16628632330009DB79F /* PlayerColor.swift */,
				D332C1692863249E009DB79F /* PieceType.swift */,
				D332C16C28632B74009DB79F /* Piece.swift */,
				D332C17728633123009DB79F /* BoardRank.swift */,
				D332C17A28633522009DB79F /* BoardFile.swift */,
				D332C17428632F96009DB79F /* BoardSquare.swift */,
				D384C79328558E1700E9357F /* Move.swift */,
				D384C78F285588AE00E9357F /* Chessboard.swift */,
				D332C18628634A67009DB79F /* ChessboardCheck.swift */,
				D332C18328634A24009DB79F /* ChessboardMoves.swift */,
			);
			path = Gameplay;
			sourceTree = "<group>";
		};
		D3CFE31B28596C6300E25606 /* Views */ = {
			isa = PBXGroup;
			children = (
				D39E02742863E0D2001A0A22 /* Styles */,
				D39E02782863E10C001A0A22 /* Chessboard */,
				D3579ABB2862A9F0000A6A9F /* GameMetadata */,
				D3CFE321285972AB00E25606 /* TestingView.swift */,
				D3350F75285CD3A60025EE11 /* GameControlsView.swift */,
				D3350F78285D47D50025EE11 /* GameTreeView.swift */,
				D3350F7B285D63D60025EE11 /* MoveDetailView.swift */,
				D379ED45286024D80078B22C /* PlayerNamesView.swift */,
				D336AD81286143DB00DA0D56 /* EngineView.swift */,
			);
			path = Views;
			sourceTree = "<group>";
		};
		D3CFE31F28596C7C00E25606 /* App */ = {
			isa = PBXGroup;
			children = (
				D3B468BC285174A500A97CC1 /* HolyokeApp.swift */,
				D3B468BD285174A500A97CC1 /* HolyokeDocument.swift */,
				D3B468BE285174A500A97CC1 /* ContentView.swift */,
			);
			path = App;
			sourceTree = "<group>";
		};
/* End PBXGroup section */

/* Begin PBXNativeTarget section */
		D3B468C3285174A600A97CC1 /* Holyoke (iOS) */ = {
			isa = PBXNativeTarget;
			buildConfigurationList = D3B468DA285174A600A97CC1 /* Build configuration list for PBXNativeTarget "Holyoke (iOS)" */;
			buildPhases = (
				D3B468C0285174A600A97CC1 /* Sources */,
				D3B468C1285174A600A97CC1 /* Frameworks */,
				D3B468C2285174A600A97CC1 /* Resources */,
				D35711E7285A0B4F002C0CC1 /* Embed Frameworks */,
			);
			buildRules = (
			);
			dependencies = (
			);
			name = "Holyoke (iOS)";
			packageProductDependencies = (
				D35711E4285A0B4F002C0CC1 /* Antlr4 */,
			);
			productName = "Holyoke (iOS)";
			productReference = D3B468C4285174A600A97CC1 /* Holyoke.app */;
			productType = "com.apple.product-type.application";
		};
		D3B468CB285174A600A97CC1 /* Holyoke (macOS) */ = {
			isa = PBXNativeTarget;
			buildConfigurationList = D3B468DD285174A600A97CC1 /* Build configuration list for PBXNativeTarget "Holyoke (macOS)" */;
			buildPhases = (
				D3B468C8285174A600A97CC1 /* Sources */,
				D3B468C9285174A600A97CC1 /* Frameworks */,
				D3B468CA285174A600A97CC1 /* Resources */,
				D35711E3285A0B49002C0CC1 /* Embed Frameworks */,
			);
			buildRules = (
			);
			dependencies = (
			);
			name = "Holyoke (macOS)";
			packageProductDependencies = (
				D35711E0285A0B49002C0CC1 /* Antlr4 */,
			);
			productName = "Holyoke (macOS)";
			productReference = D3B468CC285174A600A97CC1 /* Holyoke.app */;
			productType = "com.apple.product-type.application";
		};
/* End PBXNativeTarget section */

/* Begin PBXProject section */
		D3B468B7285174A500A97CC1 /* Project object */ = {
			isa = PBXProject;
			attributes = {
				BuildIndependentTargetsInParallel = 1;
				LastSwiftUpdateCheck = 1330;
				LastUpgradeCheck = 1330;
				TargetAttributes = {
					D3B468C3285174A600A97CC1 = {
						CreatedOnToolsVersion = 13.3;
					};
					D3B468CB285174A600A97CC1 = {
						CreatedOnToolsVersion = 13.3;
					};
				};
			};
			buildConfigurationList = D3B468BA285174A500A97CC1 /* Build configuration list for PBXProject "Holyoke" */;
			compatibilityVersion = "Xcode 13.0";
			developmentRegion = en;
			hasScannedForEncodings = 0;
			knownRegions = (
				en,
				Base,
			);
			mainGroup = D3B468B6285174A500A97CC1;
			productRefGroup = D3B468C5285174A600A97CC1 /* Products */;
			projectDirPath = "";
			projectRoot = "";
			targets = (
				D3B468C3285174A600A97CC1 /* Holyoke (iOS) */,
				D3B468CB285174A600A97CC1 /* Holyoke (macOS) */,
			);
		};
/* End PBXProject section */

/* Begin PBXResourcesBuildPhase section */
		D3B468C2285174A600A97CC1 /* Resources */ = {
			isa = PBXResourcesBuildPhase;
			buildActionMask = 2147483647;
			files = (
				D3B468D6285174A600A97CC1 /* Assets.xcassets in Resources */,
			);
			runOnlyForDeploymentPostprocessing = 0;
		};
		D3B468CA285174A600A97CC1 /* Resources */ = {
			isa = PBXResourcesBuildPhase;
			buildActionMask = 2147483647;
			files = (
				D3B468D7285174A600A97CC1 /* Assets.xcassets in Resources */,
			);
			runOnlyForDeploymentPostprocessing = 0;
		};
/* End PBXResourcesBuildPhase section */

/* Begin PBXSourcesBuildPhase section */
		D3B468C0285174A600A97CC1 /* Sources */ = {
			isa = PBXSourcesBuildPhase;
			buildActionMask = 2147483647;
			files = (
				D379ED46286024D80078B22C /* PlayerNamesView.swift in Sources */,
				D332C18728634A67009DB79F /* ChessboardCheck.swift in Sources */,
				D384C790285588AE00E9357F /* Chessboard.swift in Sources */,
				D332C18428634A24009DB79F /* ChessboardMoves.swift in Sources */,
				D3579ABD2862AA03000A6A9F /* GamePicker.swift in Sources */,
				D3AC3CAB285A5FF5000BC33B /* PGNGameListener.swift in Sources */,
				D3350F79285D47D50025EE11 /* GameTreeView.swift in Sources */,
				D332C17228632DF2009DB79F /* PieceAsset.swift in Sources */,
				D3571151285A024C002C0CC1 /* PGNBaseListener.swift in Sources */,
				D357114D285A024C002C0CC1 /* PGNListener.swift in Sources */,
				D332C16D28632B74009DB79F /* Piece.swift in Sources */,
				D357114F285A024C002C0CC1 /* PGNLexer.swift in Sources */,
				D3CFE31D28596C6C00E25606 /* ChessboardView.swift in Sources */,
				D332C16A2863249E009DB79F /* PieceType.swift in Sources */,
				D336AD8D28615D2100DA0D56 /* Array.swift in Sources */,
				D379ED4328600A840078B22C /* GameMetadataView.swift in Sources */,
				D3579AC32862AA7F000A6A9F /* GameStartPositionEditor.swift in Sources */,
				D3B468D2285174A600A97CC1 /* HolyokeDocument.swift in Sources */,
				D332C17B28633522009DB79F /* BoardFile.swift in Sources */,
				D39E02762863E0DC001A0A22 /* ChessboardSquareStyle.swift in Sources */,
				D336AD8A28615A2D00DA0D56 /* Collection.swift in Sources */,
				D3350F76285CD3A60025EE11 /* GameControlsView.swift in Sources */,
				D332C17828633123009DB79F /* BoardRank.swift in Sources */,
				D39E027A2863E11D001A0A22 /* ChessboardSquareView.swift in Sources */,
				D332C164286322FE009DB79F /* UTType.swift in Sources */,
				D3B468D0285174A600A97CC1 /* HolyokeApp.swift in Sources */,
				D3B468D4285174A600A97CC1 /* ContentView.swift in Sources */,
				D3571153285A024C002C0CC1 /* PGNParser.swift in Sources */,
				D332C16728632330009DB79F /* PlayerColor.swift in Sources */,
				D336AD82286143DB00DA0D56 /* EngineView.swift in Sources */,
				D3CFE322285972AB00E25606 /* TestingView.swift in Sources */,
				D332C17528632F96009DB79F /* BoardSquare.swift in Sources */,
				D3579AC02862AA35000A6A9F /* GameMetadataEditor.swift in Sources */,
				D3350F7C285D63D60025EE11 /* MoveDetailView.swift in Sources */,
				D384C79428558E1700E9357F /* Move.swift in Sources */,
				D332C181286343BD009DB79F /* FEN.swift in Sources */,
			);
			runOnlyForDeploymentPostprocessing = 0;
		};
		D3B468C8285174A600A97CC1 /* Sources */ = {
			isa = PBXSourcesBuildPhase;
			buildActionMask = 2147483647;
			files = (
				D332C18828634A67009DB79F /* ChessboardCheck.swift in Sources */,
				D336AD872861448C00DA0D56 /* ChessEngine.swift in Sources */,
				D379ED47286024D80078B22C /* PlayerNamesView.swift in Sources */,
				D3B468D3285174A600A97CC1 /* HolyokeDocument.swift in Sources */,
				D3579ABE2862AA03000A6A9F /* GamePicker.swift in Sources */,
				D332C18528634A24009DB79F /* ChessboardMoves.swift in Sources */,
				D332C17328632DF2009DB79F /* PieceAsset.swift in Sources */,
				D3AC3CAC285A5FF5000BC33B /* PGNGameListener.swift in Sources */,
				D3350F7A285D47D50025EE11 /* GameTreeView.swift in Sources */,
				D332C18F28635001009DB79F /* PGNGame.swift in Sources */,
				D3571152285A024C002C0CC1 /* PGNBaseListener.swift in Sources */,
				D332C19128635026009DB79F /* PGNGameTreeLayout.swift in Sources */,
				D357114E285A024C002C0CC1 /* PGNListener.swift in Sources */,
				D332C17628632F96009DB79F /* BoardSquare.swift in Sources */,
				D332C16E28632B74009DB79F /* Piece.swift in Sources */,
				D3571150285A024C002C0CC1 /* PGNLexer.swift in Sources */,
				D3CFE31E28596C6C00E25606 /* ChessboardView.swift in Sources */,
				D332C16B2863249E009DB79F /* PieceType.swift in Sources */,
				D336AD8E28615D2100DA0D56 /* Array.swift in Sources */,
				D379ED4428600A840078B22C /* GameMetadataView.swift in Sources */,
				D3579AC42862AA7F000A6A9F /* GameStartPositionEditor.swift in Sources */,
				D384C79128558B5200E9357F /* Chessboard.swift in Sources */,
				D332C17C28633522009DB79F /* BoardFile.swift in Sources */,
				D332C18D28634B0C009DB79F /* ChessboardUCI.swift in Sources */,
				D332C1932863509C009DB79F /* PGNGameNode.swift in Sources */,
				D39E02732863DFED001A0A22 /* EngineLine.swift in Sources */,
				D336AD8B28615A2D00DA0D56 /* Collection.swift in Sources */,
				D332C182286343BD009DB79F /* FEN.swift in Sources */,
				D3350F77285CD3A60025EE11 /* GameControlsView.swift in Sources */,
				D332C17928633123009DB79F /* BoardRank.swift in Sources */,
				D332C165286322FE009DB79F /* UTType.swift in Sources */,
				D3B468D1285174A600A97CC1 /* HolyokeApp.swift in Sources */,
				D3571154285A024C002C0CC1 /* PGNParser.swift in Sources */,
				D3CFE323285972AB00E25606 /* TestingView.swift in Sources */,
				D332C16828632330009DB79F /* PlayerColor.swift in Sources */,
				D39E027B2863E11D001A0A22 /* ChessboardSquareView.swift in Sources */,
				D336AD83286143DB00DA0D56 /* EngineView.swift in Sources */,
				D39E02772863E0DC001A0A22 /* ChessboardSquareStyle.swift in Sources */,
				D384C79528558E2E00E9357F /* Move.swift in Sources */,
				D3579AC12862AA35000A6A9F /* GameMetadataEditor.swift in Sources */,
				D3350F7D285D63D60025EE11 /* MoveDetailView.swift in Sources */,
				D3B468D5285174A600A97CC1 /* ContentView.swift in Sources */,
			);
			runOnlyForDeploymentPostprocessing = 0;
		};
/* End PBXSourcesBuildPhase section */

/* Begin XCBuildConfiguration section */
		D3B468D8285174A600A97CC1 /* Debug */ = {
			isa = XCBuildConfiguration;
			buildSettings = {
				ALWAYS_SEARCH_USER_PATHS = NO;
				CLANG_ANALYZER_NONNULL = YES;
				CLANG_ANALYZER_NUMBER_OBJECT_CONVERSION = YES_AGGRESSIVE;
				CLANG_CXX_LANGUAGE_STANDARD = "gnu++17";
				CLANG_ENABLE_MODULES = YES;
				CLANG_ENABLE_OBJC_ARC = YES;
				CLANG_ENABLE_OBJC_WEAK = YES;
				CLANG_WARN_BLOCK_CAPTURE_AUTORELEASING = YES;
				CLANG_WARN_BOOL_CONVERSION = YES;
				CLANG_WARN_COMMA = YES;
				CLANG_WARN_CONSTANT_CONVERSION = YES;
				CLANG_WARN_DEPRECATED_OBJC_IMPLEMENTATIONS = YES;
				CLANG_WARN_DIRECT_OBJC_ISA_USAGE = YES_ERROR;
				CLANG_WARN_DOCUMENTATION_COMMENTS = YES;
				CLANG_WARN_EMPTY_BODY = YES;
				CLANG_WARN_ENUM_CONVERSION = YES;
				CLANG_WARN_INFINITE_RECURSION = YES;
				CLANG_WARN_INT_CONVERSION = YES;
				CLANG_WARN_NON_LITERAL_NULL_CONVERSION = YES;
				CLANG_WARN_OBJC_IMPLICIT_RETAIN_SELF = YES;
				CLANG_WARN_OBJC_LITERAL_CONVERSION = YES;
				CLANG_WARN_OBJC_ROOT_CLASS = YES_ERROR;
				CLANG_WARN_QUOTED_INCLUDE_IN_FRAMEWORK_HEADER = YES;
				CLANG_WARN_RANGE_LOOP_ANALYSIS = YES;
				CLANG_WARN_STRICT_PROTOTYPES = YES;
				CLANG_WARN_SUSPICIOUS_MOVE = YES;
				CLANG_WARN_UNGUARDED_AVAILABILITY = YES_AGGRESSIVE;
				CLANG_WARN_UNREACHABLE_CODE = YES;
				CLANG_WARN__DUPLICATE_METHOD_MATCH = YES;
				COPY_PHASE_STRIP = NO;
				DEBUG_INFORMATION_FORMAT = dwarf;
				ENABLE_STRICT_OBJC_MSGSEND = YES;
				ENABLE_TESTABILITY = YES;
				GCC_C_LANGUAGE_STANDARD = gnu11;
				GCC_DYNAMIC_NO_PIC = NO;
				GCC_NO_COMMON_BLOCKS = YES;
				GCC_OPTIMIZATION_LEVEL = 0;
				GCC_PREPROCESSOR_DEFINITIONS = (
					"DEBUG=1",
					"$(inherited)",
				);
				GCC_WARN_64_TO_32_BIT_CONVERSION = YES;
				GCC_WARN_ABOUT_RETURN_TYPE = YES_ERROR;
				GCC_WARN_UNDECLARED_SELECTOR = YES;
				GCC_WARN_UNINITIALIZED_AUTOS = YES_AGGRESSIVE;
				GCC_WARN_UNUSED_FUNCTION = YES;
				GCC_WARN_UNUSED_VARIABLE = YES;
				MTL_ENABLE_DEBUG_INFO = INCLUDE_SOURCE;
				MTL_FAST_MATH = YES;
				ONLY_ACTIVE_ARCH = YES;
				SWIFT_ACTIVE_COMPILATION_CONDITIONS = DEBUG;
				SWIFT_OPTIMIZATION_LEVEL = "-Onone";
			};
			name = Debug;
		};
		D3B468D9285174A600A97CC1 /* Release */ = {
			isa = XCBuildConfiguration;
			buildSettings = {
				ALWAYS_SEARCH_USER_PATHS = NO;
				CLANG_ANALYZER_NONNULL = YES;
				CLANG_ANALYZER_NUMBER_OBJECT_CONVERSION = YES_AGGRESSIVE;
				CLANG_CXX_LANGUAGE_STANDARD = "gnu++17";
				CLANG_ENABLE_MODULES = YES;
				CLANG_ENABLE_OBJC_ARC = YES;
				CLANG_ENABLE_OBJC_WEAK = YES;
				CLANG_WARN_BLOCK_CAPTURE_AUTORELEASING = YES;
				CLANG_WARN_BOOL_CONVERSION = YES;
				CLANG_WARN_COMMA = YES;
				CLANG_WARN_CONSTANT_CONVERSION = YES;
				CLANG_WARN_DEPRECATED_OBJC_IMPLEMENTATIONS = YES;
				CLANG_WARN_DIRECT_OBJC_ISA_USAGE = YES_ERROR;
				CLANG_WARN_DOCUMENTATION_COMMENTS = YES;
				CLANG_WARN_EMPTY_BODY = YES;
				CLANG_WARN_ENUM_CONVERSION = YES;
				CLANG_WARN_INFINITE_RECURSION = YES;
				CLANG_WARN_INT_CONVERSION = YES;
				CLANG_WARN_NON_LITERAL_NULL_CONVERSION = YES;
				CLANG_WARN_OBJC_IMPLICIT_RETAIN_SELF = YES;
				CLANG_WARN_OBJC_LITERAL_CONVERSION = YES;
				CLANG_WARN_OBJC_ROOT_CLASS = YES_ERROR;
				CLANG_WARN_QUOTED_INCLUDE_IN_FRAMEWORK_HEADER = YES;
				CLANG_WARN_RANGE_LOOP_ANALYSIS = YES;
				CLANG_WARN_STRICT_PROTOTYPES = YES;
				CLANG_WARN_SUSPICIOUS_MOVE = YES;
				CLANG_WARN_UNGUARDED_AVAILABILITY = YES_AGGRESSIVE;
				CLANG_WARN_UNREACHABLE_CODE = YES;
				CLANG_WARN__DUPLICATE_METHOD_MATCH = YES;
				COPY_PHASE_STRIP = NO;
				DEBUG_INFORMATION_FORMAT = "dwarf-with-dsym";
				ENABLE_NS_ASSERTIONS = NO;
				ENABLE_STRICT_OBJC_MSGSEND = YES;
				GCC_C_LANGUAGE_STANDARD = gnu11;
				GCC_NO_COMMON_BLOCKS = YES;
				GCC_WARN_64_TO_32_BIT_CONVERSION = YES;
				GCC_WARN_ABOUT_RETURN_TYPE = YES_ERROR;
				GCC_WARN_UNDECLARED_SELECTOR = YES;
				GCC_WARN_UNINITIALIZED_AUTOS = YES_AGGRESSIVE;
				GCC_WARN_UNUSED_FUNCTION = YES;
				GCC_WARN_UNUSED_VARIABLE = YES;
				MTL_ENABLE_DEBUG_INFO = NO;
				MTL_FAST_MATH = YES;
				SWIFT_COMPILATION_MODE = wholemodule;
				SWIFT_OPTIMIZATION_LEVEL = "-O";
			};
			name = Release;
		};
		D3B468DB285174A600A97CC1 /* Debug */ = {
			isa = XCBuildConfiguration;
			buildSettings = {
				ASSETCATALOG_COMPILER_APPICON_NAME = AppIcon;
				ASSETCATALOG_COMPILER_GLOBAL_ACCENT_COLOR_NAME = AccentColor;
				CODE_SIGN_STYLE = Automatic;
				CURRENT_PROJECT_VERSION = 1;
				DEVELOPMENT_TEAM = 5J7ADUW222;
				ENABLE_PREVIEWS = YES;
				GENERATE_INFOPLIST_FILE = YES;
				INFOPLIST_FILE = iOS/Info.plist;
				INFOPLIST_KEY_LSSupportsOpeningDocumentsInPlace = YES;
				INFOPLIST_KEY_UIApplicationSceneManifest_Generation = YES;
				INFOPLIST_KEY_UIApplicationSupportsIndirectInputEvents = YES;
				INFOPLIST_KEY_UILaunchScreen_Generation = YES;
				INFOPLIST_KEY_UISupportedInterfaceOrientations_iPad = "UIInterfaceOrientationPortrait UIInterfaceOrientationPortraitUpsideDown UIInterfaceOrientationLandscapeLeft UIInterfaceOrientationLandscapeRight";
				INFOPLIST_KEY_UISupportedInterfaceOrientations_iPhone = "UIInterfaceOrientationPortrait UIInterfaceOrientationLandscapeLeft UIInterfaceOrientationLandscapeRight";
				INFOPLIST_KEY_UISupportsDocumentBrowser = YES;
				IPHONEOS_DEPLOYMENT_TARGET = 15.4;
				LD_RUNPATH_SEARCH_PATHS = (
					"$(inherited)",
					"@executable_path/Frameworks",
				);
				MARKETING_VERSION = 1.0;
				PRODUCT_BUNDLE_IDENTIFIER = me.brianyu.Holyoke;
				PRODUCT_NAME = Holyoke;
				SDKROOT = iphoneos;
				SWIFT_EMIT_LOC_STRINGS = YES;
				SWIFT_VERSION = 5.0;
				TARGETED_DEVICE_FAMILY = "1,2";
			};
			name = Debug;
		};
		D3B468DC285174A600A97CC1 /* Release */ = {
			isa = XCBuildConfiguration;
			buildSettings = {
				ASSETCATALOG_COMPILER_APPICON_NAME = AppIcon;
				ASSETCATALOG_COMPILER_GLOBAL_ACCENT_COLOR_NAME = AccentColor;
				CODE_SIGN_STYLE = Automatic;
				CURRENT_PROJECT_VERSION = 1;
				DEVELOPMENT_TEAM = 5J7ADUW222;
				ENABLE_PREVIEWS = YES;
				GENERATE_INFOPLIST_FILE = YES;
				INFOPLIST_FILE = iOS/Info.plist;
				INFOPLIST_KEY_LSSupportsOpeningDocumentsInPlace = YES;
				INFOPLIST_KEY_UIApplicationSceneManifest_Generation = YES;
				INFOPLIST_KEY_UIApplicationSupportsIndirectInputEvents = YES;
				INFOPLIST_KEY_UILaunchScreen_Generation = YES;
				INFOPLIST_KEY_UISupportedInterfaceOrientations_iPad = "UIInterfaceOrientationPortrait UIInterfaceOrientationPortraitUpsideDown UIInterfaceOrientationLandscapeLeft UIInterfaceOrientationLandscapeRight";
				INFOPLIST_KEY_UISupportedInterfaceOrientations_iPhone = "UIInterfaceOrientationPortrait UIInterfaceOrientationLandscapeLeft UIInterfaceOrientationLandscapeRight";
				INFOPLIST_KEY_UISupportsDocumentBrowser = YES;
				IPHONEOS_DEPLOYMENT_TARGET = 15.4;
				LD_RUNPATH_SEARCH_PATHS = (
					"$(inherited)",
					"@executable_path/Frameworks",
				);
				MARKETING_VERSION = 1.0;
				PRODUCT_BUNDLE_IDENTIFIER = me.brianyu.Holyoke;
				PRODUCT_NAME = Holyoke;
				SDKROOT = iphoneos;
				SWIFT_EMIT_LOC_STRINGS = YES;
				SWIFT_VERSION = 5.0;
				TARGETED_DEVICE_FAMILY = "1,2";
				VALIDATE_PRODUCT = YES;
			};
			name = Release;
		};
		D3B468DE285174A600A97CC1 /* Debug */ = {
			isa = XCBuildConfiguration;
			buildSettings = {
				ASSETCATALOG_COMPILER_APPICON_NAME = AppIcon;
				ASSETCATALOG_COMPILER_GLOBAL_ACCENT_COLOR_NAME = AccentColor;
				CODE_SIGN_ENTITLEMENTS = macOS/macOS.entitlements;
				CODE_SIGN_STYLE = Automatic;
				COMBINE_HIDPI_IMAGES = YES;
				CURRENT_PROJECT_VERSION = 1;
				DEVELOPMENT_TEAM = 5J7ADUW222;
				ENABLE_HARDENED_RUNTIME = YES;
				ENABLE_PREVIEWS = YES;
				GENERATE_INFOPLIST_FILE = YES;
				INFOPLIST_FILE = macOS/Info.plist;
				INFOPLIST_KEY_NSHumanReadableCopyright = "";
				LD_RUNPATH_SEARCH_PATHS = (
					"$(inherited)",
					"@executable_path/../Frameworks",
				);
				MACOSX_DEPLOYMENT_TARGET = 12.3;
				MARKETING_VERSION = 1.0;
				PRODUCT_BUNDLE_IDENTIFIER = me.brianyu.Holyoke;
				PRODUCT_NAME = Holyoke;
				SDKROOT = macosx;
				SWIFT_EMIT_LOC_STRINGS = YES;
				SWIFT_VERSION = 5.0;
			};
			name = Debug;
		};
		D3B468DF285174A600A97CC1 /* Release */ = {
			isa = XCBuildConfiguration;
			buildSettings = {
				ASSETCATALOG_COMPILER_APPICON_NAME = AppIcon;
				ASSETCATALOG_COMPILER_GLOBAL_ACCENT_COLOR_NAME = AccentColor;
				CODE_SIGN_ENTITLEMENTS = macOS/macOS.entitlements;
				CODE_SIGN_STYLE = Automatic;
				COMBINE_HIDPI_IMAGES = YES;
				CURRENT_PROJECT_VERSION = 1;
				DEVELOPMENT_TEAM = 5J7ADUW222;
				ENABLE_HARDENED_RUNTIME = YES;
				ENABLE_PREVIEWS = YES;
				GENERATE_INFOPLIST_FILE = YES;
				INFOPLIST_FILE = macOS/Info.plist;
				INFOPLIST_KEY_NSHumanReadableCopyright = "";
				LD_RUNPATH_SEARCH_PATHS = (
					"$(inherited)",
					"@executable_path/../Frameworks",
				);
				MACOSX_DEPLOYMENT_TARGET = 12.3;
				MARKETING_VERSION = 1.0;
				PRODUCT_BUNDLE_IDENTIFIER = me.brianyu.Holyoke;
				PRODUCT_NAME = Holyoke;
				SDKROOT = macosx;
				SWIFT_EMIT_LOC_STRINGS = YES;
				SWIFT_VERSION = 5.0;
			};
			name = Release;
		};
/* End XCBuildConfiguration section */

/* Begin XCConfigurationList section */
		D3B468BA285174A500A97CC1 /* Build configuration list for PBXProject "Holyoke" */ = {
			isa = XCConfigurationList;
			buildConfigurations = (
				D3B468D8285174A600A97CC1 /* Debug */,
				D3B468D9285174A600A97CC1 /* Release */,
			);
			defaultConfigurationIsVisible = 0;
			defaultConfigurationName = Release;
		};
		D3B468DA285174A600A97CC1 /* Build configuration list for PBXNativeTarget "Holyoke (iOS)" */ = {
			isa = XCConfigurationList;
			buildConfigurations = (
				D3B468DB285174A600A97CC1 /* Debug */,
				D3B468DC285174A600A97CC1 /* Release */,
			);
			defaultConfigurationIsVisible = 0;
			defaultConfigurationName = Release;
		};
		D3B468DD285174A600A97CC1 /* Build configuration list for PBXNativeTarget "Holyoke (macOS)" */ = {
			isa = XCConfigurationList;
			buildConfigurations = (
				D3B468DE285174A600A97CC1 /* Debug */,
				D3B468DF285174A600A97CC1 /* Release */,
			);
			defaultConfigurationIsVisible = 0;
			defaultConfigurationName = Release;
		};
/* End XCConfigurationList section */

/* Begin XCSwiftPackageProductDependency section */
		D35711E0285A0B49002C0CC1 /* Antlr4 */ = {
			isa = XCSwiftPackageProductDependency;
			productName = Antlr4;
		};
		D35711E4285A0B4F002C0CC1 /* Antlr4 */ = {
			isa = XCSwiftPackageProductDependency;
			productName = Antlr4;
		};
/* End XCSwiftPackageProductDependency section */
	};
	rootObject = D3B468B7285174A500A97CC1 /* Project object */;
}
